{
  "name": "textcutter",
  "version": "1.0.4",
  "lockfileVersion": 3,
  "requires": true,
  "packages": {
    "": {
      "name": "textcutter",
      "version": "1.0.4",
      "devDependencies": {
        "@figma/plugin-typings": "^1.68.0",
        "typescript": "^5.1.6"
      }
    },
    "node_modules/@figma/plugin-typings": {
      "version": "1.68.0",
      "resolved": "https://registry.npmjs.org/@figma/plugin-typings/-/plugin-typings-1.68.0.tgz",
      "integrity": "sha512-hT+iqf5CRRqKI7NmPdwml+Ld/mG1QM8VcZZURV2AowIy6vC3VQ2iIIT5d7ulDnQU+WzQDvaGaDAw/J5X6tQ2Ww==",
      "dev": true
    },
    "node_modules/typescript": {
      "version": "5.1.6",
      "resolved": "https://registry.npmjs.org/typescript/-/typescript-5.1.6.tgz",
      "integrity": "sha512-zaWCozRZ6DLEWAWFrVDz1H6FVXzUSfTy5FUMWsQlU8Ym5JP9eO4xkTIROFCQvhQf61z6O/G6ugw3SgAnvvm+HA==",
      "dev": true,
      "bin": {
        "tsc": "bin/tsc",
        "tsserver": "bin/tsserver"
      },
      "engines": {
        "node": ">=14.17"
      }
    }
  }
}
